
Microsoft Visual Studio Solution File, Format Version 12.00
# Visual Studio 15
VisualStudioVersion = 15.0.27004.2009
MinimumVisualStudioVersion = 10.0.40219.1
Project("{9A19103F-16F7-4668-BE54-9A1E7A4F7556}") = "Runner", "Runner\Runner.csproj", "{1614A6A2-D722-4CD0-AB17-91E582B3B5FC}"
EndProject
Project("{9A19103F-16F7-4668-BE54-9A1E7A4F7556}") = "Unity.V4.Adapter", "Unity.V4.Adapter\Unity.V4.Adapter.csproj", "{3DB49868-C3F8-4411-B60C-E25F6F00F42C}"
EndProject
Project("{9A19103F-16F7-4668-BE54-9A1E7A4F7556}") = "Unity.V5.Adapter", "Unity.V5.Adapter\Unity.V5.Adapter.csproj", "{2EBCEBCB-6611-4C61-B829-85E0359DF880}"
EndProject
Project("{9A19103F-16F7-4668-BE54-9A1E7A4F7556}") = "Unity.V6.Adapter", "Unity.V6.Adapter\Unity.V6.Adapter.csproj", "{68552D99-2256-4AC6-BFD6-A40A18211819}"
EndProject
Project("{9A19103F-16F7-4668-BE54-9A1E7A4F7556}") = "Benchmark.Abstractions", "Benchmark.Abstractions\Benchmark.Abstractions.csproj", "{78880FC1-D5BF-4A59-901D-5EBB702CCC93}"
EndProject
Project("{9A19103F-16F7-4668-BE54-9A1E7A4F7556}") = "Unity.Abstractions", "Latest\Abstractions\src\Unity.Abstractions.csproj", "{076E9180-7259-4B83-BC40-F32A2D2CDBA3}"
EndProject
Project("{2150E333-8FDC-42A3-9474-1A3956D46DE8}") = "Latest", "Latest", "{8FFE04F3-1771-43C5-96A8-EED028C64A73}"
EndProject
Project("{9A19103F-16F7-4668-BE54-9A1E7A4F7556}") = "Unity.Container", "Latest\Container\src\Unity.Container.csproj", "{8EFE66F5-D5D6-4933-8B5E-1DCF31F2BDC5}"
EndProject
Global
	GlobalSection(SolutionConfigurationPlatforms) = preSolution
		Debug|Any CPU = Debug|Any CPU
		Release|Any CPU = Release|Any CPU
	EndGlobalSection
	GlobalSection(ProjectConfigurationPlatforms) = postSolution
		{1614A6A2-D722-4CD0-AB17-91E582B3B5FC}.Debug|Any CPU.ActiveCfg = Debug|Any CPU
		{1614A6A2-D722-4CD0-AB17-91E582B3B5FC}.Debug|Any CPU.Build.0 = Debug|Any CPU
		{1614A6A2-D722-4CD0-AB17-91E582B3B5FC}.Release|Any CPU.ActiveCfg = Release|Any CPU
		{1614A6A2-D722-4CD0-AB17-91E582B3B5FC}.Release|Any CPU.Build.0 = Release|Any CPU
		{3DB49868-C3F8-4411-B60C-E25F6F00F42C}.Debug|Any CPU.ActiveCfg = Debug|Any CPU
		{3DB49868-C3F8-4411-B60C-E25F6F00F42C}.Debug|Any CPU.Build.0 = Debug|Any CPU
		{3DB49868-C3F8-4411-B60C-E25F6F00F42C}.Release|Any CPU.ActiveCfg = Release|Any CPU
		{3DB49868-C3F8-4411-B60C-E25F6F00F42C}.Release|Any CPU.Build.0 = Release|Any CPU
		{2EBCEBCB-6611-4C61-B829-85E0359DF880}.Debug|Any CPU.ActiveCfg = Debug|Any CPU
		{2EBCEBCB-6611-4C61-B829-85E0359DF880}.Debug|Any CPU.Build.0 = Debug|Any CPU
		{2EBCEBCB-6611-4C61-B829-85E0359DF880}.Release|Any CPU.ActiveCfg = Release|Any CPU
		{2EBCEBCB-6611-4C61-B829-85E0359DF880}.Release|Any CPU.Build.0 = Release|Any CPU
		{68552D99-2256-4AC6-BFD6-A40A18211819}.Debug|Any CPU.ActiveCfg = Debug|Any CPU
		{68552D99-2256-4AC6-BFD6-A40A18211819}.Debug|Any CPU.Build.0 = Debug|Any CPU
		{68552D99-2256-4AC6-BFD6-A40A18211819}.Release|Any CPU.ActiveCfg = Release|Any CPU
		{68552D99-2256-4AC6-BFD6-A40A18211819}.Release|Any CPU.Build.0 = Release|Any CPU
		{78880FC1-D5BF-4A59-901D-5EBB702CCC93}.Debug|Any CPU.ActiveCfg = Debug|Any CPU
		{78880FC1-D5BF-4A59-901D-5EBB702CCC93}.Debug|Any CPU.Build.0 = Debug|Any CPU
		{78880FC1-D5BF-4A59-901D-5EBB702CCC93}.Release|Any CPU.ActiveCfg = Release|Any CPU
		{78880FC1-D5BF-4A59-901D-5EBB702CCC93}.Release|Any CPU.Build.0 = Release|Any CPU
		{076E9180-7259-4B83-BC40-F32A2D2CDBA3}.Debug|Any CPU.ActiveCfg = Debug|Any CPU
		{076E9180-7259-4B83-BC40-F32A2D2CDBA3}.Debug|Any CPU.Build.0 = Debug|Any CPU
		{076E9180-7259-4B83-BC40-F32A2D2CDBA3}.Release|Any CPU.ActiveCfg = Release|Any CPU
		{076E9180-7259-4B83-BC40-F32A2D2CDBA3}.Release|Any CPU.Build.0 = Release|Any CPU
		{8EFE66F5-D5D6-4933-8B5E-1DCF31F2BDC5}.Debug|Any CPU.ActiveCfg = Debug|Any CPU
		{8EFE66F5-D5D6-4933-8B5E-1DCF31F2BDC5}.Debug|Any CPU.Build.0 = Debug|Any CPU
		{8EFE66F5-D5D6-4933-8B5E-1DCF31F2BDC5}.Release|Any CPU.ActiveCfg = Release|Any CPU
		{8EFE66F5-D5D6-4933-8B5E-1DCF31F2BDC5}.Release|Any CPU.Build.0 = Release|Any CPU
	EndGlobalSection
	GlobalSection(SolutionProperties) = preSolution
		HideSolutionNode = FALSE
	EndGlobalSection
	GlobalSection(NestedProjects) = preSolution
		{076E9180-7259-4B83-BC40-F32A2D2CDBA3} = {8FFE04F3-1771-43C5-96A8-EED028C64A73}
		{8EFE66F5-D5D6-4933-8B5E-1DCF31F2BDC5} = {8FFE04F3-1771-43C5-96A8-EED028C64A73}
	EndGlobalSection
	GlobalSection(ExtensibilityGlobals) = postSolution
		SolutionGuid = {F12FC46A-FED6-408A-B7E4-EE6255667778}
	EndGlobalSection
EndGlobal
